
Microsoft Visual Studio Solution File, Format Version 12.00
# Visual Studio 2013
VisualStudioVersion = 12.0.21005.1
MinimumVisualStudioVersion = 10.0.40219.1
Project("{FAE04EC0-301F-11D3-BF4B-00C04F79EFBC}") = "Experiment5_new", "Experiment5_new\Experiment5_new.csproj", "{7BB40F1C-EA84-42E8-B59F-643B6A02BDBD}"
EndProject
Project("{FAE04EC0-301F-11D3-BF4B-00C04F79EFBC}") = "ClassLibrary", "ClassLibrary\ClassLibrary.csproj", "{2B5E9414-68AE-49AF-BD26-CB49D61D77F2}"
EndProject
Global
	GlobalSection(SolutionConfigurationPlatforms) = preSolution
		Debug|Any CPU = Debug|Any CPU
		Release|Any CPU = Release|Any CPU
	EndGlobalSection
	GlobalSection(ProjectConfigurationPlatforms) = postSolution
		{7BB40F1C-EA84-42E8-B59F-643B6A02BDBD}.Debug|Any CPU.ActiveCfg = Debug|Any CPU
		{7BB40F1C-EA84-42E8-B59F-643B6A02BDBD}.Debug|Any CPU.Build.0 = Debug|Any CPU
		{7BB40F1C-EA84-42E8-B59F-643B6A02BDBD}.Release|Any CPU.ActiveCfg = Release|Any CPU
		{7BB40F1C-EA84-42E8-B59F-643B6A02BDBD}.Release|Any CPU.Build.0 = Release|Any CPU
		{2B5E9414-68AE-49AF-BD26-CB49D61D77F2}.Debug|Any CPU.ActiveCfg = Debug|Any CPU
		{2B5E9414-68AE-49AF-BD26-CB49D61D77F2}.Debug|Any CPU.Build.0 = Debug|Any CPU
		{2B5E9414-68AE-49AF-BD26-CB49D61D77F2}.Release|Any CPU.ActiveCfg = Release|Any CPU
		{2B5E9414-68AE-49AF-BD26-CB49D61D77F2}.Release|Any CPU.Build.0 = Release|Any CPU
	EndGlobalSection
	GlobalSection(SolutionProperties) = preSolution
		HideSolutionNode = FALSE
	EndGlobalSection
EndGlobal
