
Microsoft Visual Studio Solution File, Format Version 12.00
# Visual Studio Version 17
VisualStudioVersion = 17.7.34018.315
MinimumVisualStudioVersion = 10.0.40219.1
Project("{FAE04EC0-301F-11D3-BF4B-00C04F79EFBC}") = "ConsoleApp20230913", "ConsoleApp20230913.csproj", "{65804C15-49D9-45A4-8017-B9E46495855A}"
EndProject
Global
	GlobalSection(SolutionConfigurationPlatforms) = preSolution
		Debug|Any CPU = Debug|Any CPU
		Release|Any CPU = Release|Any CPU
	EndGlobalSection
	GlobalSection(ProjectConfigurationPlatforms) = postSolution
		{65804C15-49D9-45A4-8017-B9E46495855A}.Debug|Any CPU.ActiveCfg = Debug|Any CPU
		{65804C15-49D9-45A4-8017-B9E46495855A}.Debug|Any CPU.Build.0 = Debug|Any CPU
		{65804C15-49D9-45A4-8017-B9E46495855A}.Release|Any CPU.ActiveCfg = Release|Any CPU
		{65804C15-49D9-45A4-8017-B9E46495855A}.Release|Any CPU.Build.0 = Release|Any CPU
	EndGlobalSection
	GlobalSection(SolutionProperties) = preSolution
		HideSolutionNode = FALSE
	EndGlobalSection
	GlobalSection(ExtensibilityGlobals) = postSolution
		SolutionGuid = {D420B541-86B8-4FC0-AD2C-2D0A54320361}
	EndGlobalSection
EndGlobal
