
Microsoft Visual Studio Solution File, Format Version 12.00
# Visual Studio Version 17
VisualStudioVersion = 17.7.34018.315
MinimumVisualStudioVersion = 10.0.40219.1
Project("{FAE04EC0-301F-11D3-BF4B-00C04F79EFBC}") = "WinFormsApp20230918", "WinFormsApp20230918.csproj", "{16AA510F-6C60-483C-9E81-B8B19A3995F6}"
EndProject
Global
	GlobalSection(SolutionConfigurationPlatforms) = preSolution
		Debug|Any CPU = Debug|Any CPU
		Release|Any CPU = Release|Any CPU
	EndGlobalSection
	GlobalSection(ProjectConfigurationPlatforms) = postSolution
		{16AA510F-6C60-483C-9E81-B8B19A3995F6}.Debug|Any CPU.ActiveCfg = Debug|Any CPU
		{16AA510F-6C60-483C-9E81-B8B19A3995F6}.Debug|Any CPU.Build.0 = Debug|Any CPU
		{16AA510F-6C60-483C-9E81-B8B19A3995F6}.Release|Any CPU.ActiveCfg = Release|Any CPU
		{16AA510F-6C60-483C-9E81-B8B19A3995F6}.Release|Any CPU.Build.0 = Release|Any CPU
	EndGlobalSection
	GlobalSection(SolutionProperties) = preSolution
		HideSolutionNode = FALSE
	EndGlobalSection
	GlobalSection(ExtensibilityGlobals) = postSolution
		SolutionGuid = {D7CFF071-709F-47A0-A331-77642F44D2E3}
	EndGlobalSection
EndGlobal
